{
  "originHash" : "1f2b718aba391c32ad48c24f1200d0ef9439b9f8bdf3f04cb6e40466a0442152",
  "pins" : [
    {
      "identity" : "stripe-terminal-ios",
      "kind" : "remoteSourceControl",
      "location" : "https://github.com/stripe/stripe-terminal-ios",
      "state" : {
        "revision" : "ea7265e204643e23bb4bac5721f884c66c5e3b61",
        "version" : "4.0.0"
      }
    }
  ],
  "version" : 3
}
